
Microsoft Visual Studio Solution File, Format Version 12.00
# Visual Studio Version 16
VisualStudioVersion = 16.0.31129.286
MinimumVisualStudioVersion = 10.0.40219.1
Project("{FAE04EC0-301F-11D3-BF4B-00C04F79EFBC}") = "PhoneShare", "PhoneShare\PhoneShare.csproj", "{65A2CA85-AE16-4539-AEDE-678C6D3B0487}"
EndProject
Project("{FAE04EC0-301F-11D3-BF4B-00C04F79EFBC}") = "PhoneClient", "PhoneClient\PhoneClient.csproj", "{7F9C2310-C29D-4756-9375-8255C59BAACF}"
EndProject
Project("{FAE04EC0-301F-11D3-BF4B-00C04F79EFBC}") = "PhoneService", "PhoneService\PhoneService.csproj", "{67B78253-AF15-46E9-B5FF-02B908063080}"
EndProject
Global
	GlobalSection(SolutionConfigurationPlatforms) = preSolution
		Debug|Any CPU = Debug|Any CPU
		Release|Any CPU = Release|Any CPU
	EndGlobalSection
	GlobalSection(ProjectConfigurationPlatforms) = postSolution
		{65A2CA85-AE16-4539-AEDE-678C6D3B0487}.Debug|Any CPU.ActiveCfg = Debug|Any CPU
		{65A2CA85-AE16-4539-AEDE-678C6D3B0487}.Debug|Any CPU.Build.0 = Debug|Any CPU
		{65A2CA85-AE16-4539-AEDE-678C6D3B0487}.Release|Any CPU.ActiveCfg = Release|Any CPU
		{65A2CA85-AE16-4539-AEDE-678C6D3B0487}.Release|Any CPU.Build.0 = Release|Any CPU
		{7F9C2310-C29D-4756-9375-8255C59BAACF}.Debug|Any CPU.ActiveCfg = Debug|Any CPU
		{7F9C2310-C29D-4756-9375-8255C59BAACF}.Debug|Any CPU.Build.0 = Debug|Any CPU
		{7F9C2310-C29D-4756-9375-8255C59BAACF}.Release|Any CPU.ActiveCfg = Release|Any CPU
		{7F9C2310-C29D-4756-9375-8255C59BAACF}.Release|Any CPU.Build.0 = Release|Any CPU
		{67B78253-AF15-46E9-B5FF-02B908063080}.Debug|Any CPU.ActiveCfg = Debug|Any CPU
		{67B78253-AF15-46E9-B5FF-02B908063080}.Debug|Any CPU.Build.0 = Debug|Any CPU
		{67B78253-AF15-46E9-B5FF-02B908063080}.Release|Any CPU.ActiveCfg = Release|Any CPU
		{67B78253-AF15-46E9-B5FF-02B908063080}.Release|Any CPU.Build.0 = Release|Any CPU
	EndGlobalSection
	GlobalSection(SolutionProperties) = preSolution
		HideSolutionNode = FALSE
	EndGlobalSection
	GlobalSection(ExtensibilityGlobals) = postSolution
		SolutionGuid = {04B2C290-0CE9-40CD-97F6-EC15FA53B102}
	EndGlobalSection
EndGlobal
