
Microsoft Visual Studio Solution File, Format Version 12.00
# Visual Studio Version 16
VisualStudioVersion = 16.0.31129.286
MinimumVisualStudioVersion = 10.0.40219.1
Project("{FAE04EC0-301F-11D3-BF4B-00C04F79EFBC}") = "PhoneServer", "PhoneServer\PhoneServer.csproj", "{8C5CECF6-47CB-4984-B087-FC7312A47207}"
EndProject
Project("{FAE04EC0-301F-11D3-BF4B-00C04F79EFBC}") = "PhoneClient", "PhoneClient\PhoneClient.csproj", "{5999DE27-97C0-486E-A090-462029B90613}"
EndProject
Project("{FAE04EC0-301F-11D3-BF4B-00C04F79EFBC}") = "PhoneShared", "PhoneShared\PhoneShared.csproj", "{C2B2F2BA-265C-4600-AE67-11206A39B6F0}"
EndProject
Global
	GlobalSection(SolutionConfigurationPlatforms) = preSolution
		Debug|Any CPU = Debug|Any CPU
		Release|Any CPU = Release|Any CPU
	EndGlobalSection
	GlobalSection(ProjectConfigurationPlatforms) = postSolution
		{8C5CECF6-47CB-4984-B087-FC7312A47207}.Debug|Any CPU.ActiveCfg = Debug|Any CPU
		{8C5CECF6-47CB-4984-B087-FC7312A47207}.Debug|Any CPU.Build.0 = Debug|Any CPU
		{8C5CECF6-47CB-4984-B087-FC7312A47207}.Release|Any CPU.ActiveCfg = Release|Any CPU
		{8C5CECF6-47CB-4984-B087-FC7312A47207}.Release|Any CPU.Build.0 = Release|Any CPU
		{5999DE27-97C0-486E-A090-462029B90613}.Debug|Any CPU.ActiveCfg = Debug|Any CPU
		{5999DE27-97C0-486E-A090-462029B90613}.Debug|Any CPU.Build.0 = Debug|Any CPU
		{5999DE27-97C0-486E-A090-462029B90613}.Release|Any CPU.ActiveCfg = Release|Any CPU
		{5999DE27-97C0-486E-A090-462029B90613}.Release|Any CPU.Build.0 = Release|Any CPU
		{C2B2F2BA-265C-4600-AE67-11206A39B6F0}.Debug|Any CPU.ActiveCfg = Debug|Any CPU
		{C2B2F2BA-265C-4600-AE67-11206A39B6F0}.Debug|Any CPU.Build.0 = Debug|Any CPU
		{C2B2F2BA-265C-4600-AE67-11206A39B6F0}.Release|Any CPU.ActiveCfg = Release|Any CPU
		{C2B2F2BA-265C-4600-AE67-11206A39B6F0}.Release|Any CPU.Build.0 = Release|Any CPU
	EndGlobalSection
	GlobalSection(SolutionProperties) = preSolution
		HideSolutionNode = FALSE
	EndGlobalSection
	GlobalSection(ExtensibilityGlobals) = postSolution
		SolutionGuid = {A6D9EAFF-66B9-4674-9426-B0645975F1A3}
	EndGlobalSection
EndGlobal
