
Microsoft Visual Studio Solution File, Format Version 12.00
# Visual Studio Version 16
VisualStudioVersion = 16.0.31129.286
MinimumVisualStudioVersion = 10.0.40219.1
Project("{FAE04EC0-301F-11D3-BF4B-00C04F79EFBC}") = "CoffeeServer", "CoffeeServer.csproj", "{1EAE37A4-D33A-478E-A347-0C40AA1B202E}"
EndProject
Project("{FAE04EC0-301F-11D3-BF4B-00C04F79EFBC}") = "CoffeeShared", "..\CoffeeShared\CoffeeShared.csproj", "{1AFEE619-BDDE-4C26-B692-5A2187CC0835}"
EndProject
Project("{FAE04EC0-301F-11D3-BF4B-00C04F79EFBC}") = "CoffeeClient", "..\CoffeeClient\CoffeeClient.csproj", "{0DD6EFDC-E695-404E-97FF-D99E29D314F2}"
EndProject
Global
	GlobalSection(SolutionConfigurationPlatforms) = preSolution
		Debug|Any CPU = Debug|Any CPU
		Release|Any CPU = Release|Any CPU
	EndGlobalSection
	GlobalSection(ProjectConfigurationPlatforms) = postSolution
		{1EAE37A4-D33A-478E-A347-0C40AA1B202E}.Debug|Any CPU.ActiveCfg = Debug|Any CPU
		{1EAE37A4-D33A-478E-A347-0C40AA1B202E}.Debug|Any CPU.Build.0 = Debug|Any CPU
		{1EAE37A4-D33A-478E-A347-0C40AA1B202E}.Release|Any CPU.ActiveCfg = Release|Any CPU
		{1EAE37A4-D33A-478E-A347-0C40AA1B202E}.Release|Any CPU.Build.0 = Release|Any CPU
		{1AFEE619-BDDE-4C26-B692-5A2187CC0835}.Debug|Any CPU.ActiveCfg = Debug|Any CPU
		{1AFEE619-BDDE-4C26-B692-5A2187CC0835}.Debug|Any CPU.Build.0 = Debug|Any CPU
		{1AFEE619-BDDE-4C26-B692-5A2187CC0835}.Release|Any CPU.ActiveCfg = Release|Any CPU
		{1AFEE619-BDDE-4C26-B692-5A2187CC0835}.Release|Any CPU.Build.0 = Release|Any CPU
		{0DD6EFDC-E695-404E-97FF-D99E29D314F2}.Debug|Any CPU.ActiveCfg = Debug|Any CPU
		{0DD6EFDC-E695-404E-97FF-D99E29D314F2}.Debug|Any CPU.Build.0 = Debug|Any CPU
		{0DD6EFDC-E695-404E-97FF-D99E29D314F2}.Release|Any CPU.ActiveCfg = Release|Any CPU
		{0DD6EFDC-E695-404E-97FF-D99E29D314F2}.Release|Any CPU.Build.0 = Release|Any CPU
	EndGlobalSection
	GlobalSection(SolutionProperties) = preSolution
		HideSolutionNode = FALSE
	EndGlobalSection
	GlobalSection(ExtensibilityGlobals) = postSolution
		SolutionGuid = {7EA8ADD7-F976-43ED-811C-8C7324310262}
	EndGlobalSection
EndGlobal
