
Microsoft Visual Studio Solution File, Format Version 12.00
# Visual Studio Version 16
VisualStudioVersion = 16.0.31129.286
MinimumVisualStudioVersion = 10.0.40219.1
Project("{FAE04EC0-301F-11D3-BF4B-00C04F79EFBC}") = "SongSite", "SongSite\SongSite.csproj", "{16CA9EBB-08A8-481E-862F-D490F31C9971}"
EndProject
Project("{FAE04EC0-301F-11D3-BF4B-00C04F79EFBC}") = "SongClient", "SongClient\SongClient.csproj", "{DCF80A48-EFE5-4A7B-AA81-1B5ADCC58383}"
EndProject
Global
	GlobalSection(SolutionConfigurationPlatforms) = preSolution
		Debug|Any CPU = Debug|Any CPU
		Release|Any CPU = Release|Any CPU
	EndGlobalSection
	GlobalSection(ProjectConfigurationPlatforms) = postSolution
		{16CA9EBB-08A8-481E-862F-D490F31C9971}.Debug|Any CPU.ActiveCfg = Debug|Any CPU
		{16CA9EBB-08A8-481E-862F-D490F31C9971}.Debug|Any CPU.Build.0 = Debug|Any CPU
		{16CA9EBB-08A8-481E-862F-D490F31C9971}.Release|Any CPU.ActiveCfg = Release|Any CPU
		{16CA9EBB-08A8-481E-862F-D490F31C9971}.Release|Any CPU.Build.0 = Release|Any CPU
		{DCF80A48-EFE5-4A7B-AA81-1B5ADCC58383}.Debug|Any CPU.ActiveCfg = Debug|Any CPU
		{DCF80A48-EFE5-4A7B-AA81-1B5ADCC58383}.Debug|Any CPU.Build.0 = Debug|Any CPU
		{DCF80A48-EFE5-4A7B-AA81-1B5ADCC58383}.Release|Any CPU.ActiveCfg = Release|Any CPU
		{DCF80A48-EFE5-4A7B-AA81-1B5ADCC58383}.Release|Any CPU.Build.0 = Release|Any CPU
	EndGlobalSection
	GlobalSection(SolutionProperties) = preSolution
		HideSolutionNode = FALSE
	EndGlobalSection
	GlobalSection(ExtensibilityGlobals) = postSolution
		SolutionGuid = {2C4A35E2-BFCB-4F4E-8AC8-6D2DF56871EC}
	EndGlobalSection
EndGlobal
